
Microsoft Visual Studio Solution File, Format Version 12.00
# Visual Studio Version 16
VisualStudioVersion = 16.0.31911.196
MinimumVisualStudioVersion = 10.0.40219.1
Project("{FAE04EC0-301F-11D3-BF4B-00C04F79EFBC}") = "Practise8", "Practise8\Practise8.csproj", "{2C1964F7-ECCA-42F4-BE78-8A0F276F3751}"
EndProject
Global
	GlobalSection(SolutionConfigurationPlatforms) = preSolution
		Debug|Any CPU = Debug|Any CPU
		Release|Any CPU = Release|Any CPU
	EndGlobalSection
	GlobalSection(ProjectConfigurationPlatforms) = postSolution
		{2C1964F7-ECCA-42F4-BE78-8A0F276F3751}.Debug|Any CPU.ActiveCfg = Debug|Any CPU
		{2C1964F7-ECCA-42F4-BE78-8A0F276F3751}.Debug|Any CPU.Build.0 = Debug|Any CPU
		{2C1964F7-ECCA-42F4-BE78-8A0F276F3751}.Release|Any CPU.ActiveCfg = Release|Any CPU
		{2C1964F7-ECCA-42F4-BE78-8A0F276F3751}.Release|Any CPU.Build.0 = Release|Any CPU
	EndGlobalSection
	GlobalSection(SolutionProperties) = preSolution
		HideSolutionNode = FALSE
	EndGlobalSection
	GlobalSection(ExtensibilityGlobals) = postSolution
		SolutionGuid = {FF96ABD9-9005-419A-9F4E-730B532D7180}
	EndGlobalSection
EndGlobal
