
Microsoft Visual Studio Solution File, Format Version 12.00
# Visual Studio Version 17
VisualStudioVersion = 17.0.31919.166
MinimumVisualStudioVersion = 10.0.40219.1
Project("{FAE04EC0-301F-11D3-BF4B-00C04F79EFBC}") = "PrimeOrComposite", "PrimeOrComposite\PrimeOrComposite.csproj", "{0A5B7894-FF2F-41E0-B788-D5AB73AF190C}"
EndProject
Global
	GlobalSection(SolutionConfigurationPlatforms) = preSolution
		Debug|Any CPU = Debug|Any CPU
		Release|Any CPU = Release|Any CPU
	EndGlobalSection
	GlobalSection(ProjectConfigurationPlatforms) = postSolution
		{0A5B7894-FF2F-41E0-B788-D5AB73AF190C}.Debug|Any CPU.ActiveCfg = Debug|Any CPU
		{0A5B7894-FF2F-41E0-B788-D5AB73AF190C}.Debug|Any CPU.Build.0 = Debug|Any CPU
		{0A5B7894-FF2F-41E0-B788-D5AB73AF190C}.Release|Any CPU.ActiveCfg = Release|Any CPU
		{0A5B7894-FF2F-41E0-B788-D5AB73AF190C}.Release|Any CPU.Build.0 = Release|Any CPU
	EndGlobalSection
	GlobalSection(SolutionProperties) = preSolution
		HideSolutionNode = FALSE
	EndGlobalSection
	GlobalSection(ExtensibilityGlobals) = postSolution
		SolutionGuid = {EAE3F1F0-433E-4AD1-8C85-7F5762D3E982}
	EndGlobalSection
EndGlobal
