
Microsoft Visual Studio Solution File, Format Version 12.00
# Visual Studio Version 16
VisualStudioVersion = 16.0.31911.196
MinimumVisualStudioVersion = 10.0.40219.1
Project("{FAE04EC0-301F-11D3-BF4B-00C04F79EFBC}") = "Practise1", "Practise1\Practise1.csproj", "{BAB2F5BB-083B-44C3-BC3E-6F547350F642}"
EndProject
Global
	GlobalSection(SolutionConfigurationPlatforms) = preSolution
		Debug|Any CPU = Debug|Any CPU
		Release|Any CPU = Release|Any CPU
	EndGlobalSection
	GlobalSection(ProjectConfigurationPlatforms) = postSolution
		{BAB2F5BB-083B-44C3-BC3E-6F547350F642}.Debug|Any CPU.ActiveCfg = Debug|Any CPU
		{BAB2F5BB-083B-44C3-BC3E-6F547350F642}.Debug|Any CPU.Build.0 = Debug|Any CPU
		{BAB2F5BB-083B-44C3-BC3E-6F547350F642}.Release|Any CPU.ActiveCfg = Release|Any CPU
		{BAB2F5BB-083B-44C3-BC3E-6F547350F642}.Release|Any CPU.Build.0 = Release|Any CPU
	EndGlobalSection
	GlobalSection(SolutionProperties) = preSolution
		HideSolutionNode = FALSE
	EndGlobalSection
	GlobalSection(ExtensibilityGlobals) = postSolution
		SolutionGuid = {E1A3A097-6CD9-40AD-8B0F-259764DD403D}
	EndGlobalSection
EndGlobal
