
Microsoft Visual Studio Solution File, Format Version 12.00
# Visual Studio Version 16
VisualStudioVersion = 16.0.31911.196
MinimumVisualStudioVersion = 10.0.40219.1
Project("{FAE04EC0-301F-11D3-BF4B-00C04F79EFBC}") = "CalculatorApp", "CalculatorApp\CalculatorApp.csproj", "{6B59FB23-E4F8-4E4F-8325-75CE01B2619C}"
EndProject
Project("{FAE04EC0-301F-11D3-BF4B-00C04F79EFBC}") = "Library", "Library\Library.csproj", "{60DD346C-3ECC-41E6-8AF7-98EBA2103C93}"
EndProject
Global
	GlobalSection(SolutionConfigurationPlatforms) = preSolution
		Debug|Any CPU = Debug|Any CPU
		Release|Any CPU = Release|Any CPU
	EndGlobalSection
	GlobalSection(ProjectConfigurationPlatforms) = postSolution
		{6B59FB23-E4F8-4E4F-8325-75CE01B2619C}.Debug|Any CPU.ActiveCfg = Debug|Any CPU
		{6B59FB23-E4F8-4E4F-8325-75CE01B2619C}.Debug|Any CPU.Build.0 = Debug|Any CPU
		{6B59FB23-E4F8-4E4F-8325-75CE01B2619C}.Release|Any CPU.ActiveCfg = Release|Any CPU
		{6B59FB23-E4F8-4E4F-8325-75CE01B2619C}.Release|Any CPU.Build.0 = Release|Any CPU
		{60DD346C-3ECC-41E6-8AF7-98EBA2103C93}.Debug|Any CPU.ActiveCfg = Debug|Any CPU
		{60DD346C-3ECC-41E6-8AF7-98EBA2103C93}.Debug|Any CPU.Build.0 = Debug|Any CPU
		{60DD346C-3ECC-41E6-8AF7-98EBA2103C93}.Release|Any CPU.ActiveCfg = Release|Any CPU
		{60DD346C-3ECC-41E6-8AF7-98EBA2103C93}.Release|Any CPU.Build.0 = Release|Any CPU
	EndGlobalSection
	GlobalSection(SolutionProperties) = preSolution
		HideSolutionNode = FALSE
	EndGlobalSection
	GlobalSection(ExtensibilityGlobals) = postSolution
		SolutionGuid = {188820DE-1C73-4298-8E9D-91548CF85647}
	EndGlobalSection
EndGlobal
