
Microsoft Visual Studio Solution File, Format Version 12.00
# Visual Studio Version 16
VisualStudioVersion = 16.0.31911.196
MinimumVisualStudioVersion = 10.0.40219.1
Project("{FAE04EC0-301F-11D3-BF4B-00C04F79EFBC}") = "Practise10", "Practise10\Practise10.csproj", "{FA815D7C-B9EA-4AAB-A260-7369915ACD82}"
EndProject
Global
	GlobalSection(SolutionConfigurationPlatforms) = preSolution
		Debug|Any CPU = Debug|Any CPU
		Release|Any CPU = Release|Any CPU
	EndGlobalSection
	GlobalSection(ProjectConfigurationPlatforms) = postSolution
		{FA815D7C-B9EA-4AAB-A260-7369915ACD82}.Debug|Any CPU.ActiveCfg = Debug|Any CPU
		{FA815D7C-B9EA-4AAB-A260-7369915ACD82}.Debug|Any CPU.Build.0 = Debug|Any CPU
		{FA815D7C-B9EA-4AAB-A260-7369915ACD82}.Release|Any CPU.ActiveCfg = Release|Any CPU
		{FA815D7C-B9EA-4AAB-A260-7369915ACD82}.Release|Any CPU.Build.0 = Release|Any CPU
	EndGlobalSection
	GlobalSection(SolutionProperties) = preSolution
		HideSolutionNode = FALSE
	EndGlobalSection
	GlobalSection(ExtensibilityGlobals) = postSolution
		SolutionGuid = {D95D7CD7-536F-4EBB-83FF-D5B8BB76881F}
	EndGlobalSection
EndGlobal
