
Microsoft Visual Studio Solution File, Format Version 12.00
# Visual Studio Version 16
VisualStudioVersion = 16.0.31624.102
MinimumVisualStudioVersion = 10.0.40219.1
Project("{FAE04EC0-301F-11D3-BF4B-00C04F79EFBC}") = "EnumExample", "EnumExample\EnumExample.csproj", "{48117215-1886-4130-9F81-18AC741A491E}"
EndProject
Global
	GlobalSection(SolutionConfigurationPlatforms) = preSolution
		Debug|Any CPU = Debug|Any CPU
		Release|Any CPU = Release|Any CPU
	EndGlobalSection
	GlobalSection(ProjectConfigurationPlatforms) = postSolution
		{48117215-1886-4130-9F81-18AC741A491E}.Debug|Any CPU.ActiveCfg = Debug|Any CPU
		{48117215-1886-4130-9F81-18AC741A491E}.Debug|Any CPU.Build.0 = Debug|Any CPU
		{48117215-1886-4130-9F81-18AC741A491E}.Release|Any CPU.ActiveCfg = Release|Any CPU
		{48117215-1886-4130-9F81-18AC741A491E}.Release|Any CPU.Build.0 = Release|Any CPU
	EndGlobalSection
	GlobalSection(SolutionProperties) = preSolution
		HideSolutionNode = FALSE
	EndGlobalSection
	GlobalSection(ExtensibilityGlobals) = postSolution
		SolutionGuid = {63101B62-A9F9-430D-829F-9EF52FF9400B}
	EndGlobalSection
EndGlobal
